
Microsoft Visual Studio Solution File, Format Version 12.00
# Visual Studio Version 16
VisualStudioVersion = 16.0.29613.14
MinimumVisualStudioVersion = 10.0.40219.1
Project("{9A19103F-16F7-4668-BE54-9A1E7A4F7556}") = "Ds3FbxSharp", "Ds3FbxSharp.csproj", "{E5A379D3-EACE-4ACD-A919-5F581F0A0902}"
EndProject
Project("{9A19103F-16F7-4668-BE54-9A1E7A4F7556}") = "SoulsFormats", "..\dks\tools\SoulsFormats\SoulsFormats\SoulsFormats.csproj", "{0F1262FF-ABAD-46EF-90BE-662CD972AAFB}"
EndProject
Project("{FAE04EC0-301F-11D3-BF4B-00C04F79EFBC}") = "DSAnimStudio", "..\dks\tools\DSAnimStudio\DSAnimStudio\DSAnimStudio.csproj", "{D523836E-9BD1-4663-9A49-9F86EB480F2E}"
EndProject
Global
	GlobalSection(SolutionConfigurationPlatforms) = preSolution
		Debug|Any CPU = Debug|Any CPU
		Debug|x64 = Debug|x64
		Debug|x86 = Debug|x86
		Release|Any CPU = Release|Any CPU
		Release|x64 = Release|x64
		Release|x86 = Release|x86
	EndGlobalSection
	GlobalSection(ProjectConfigurationPlatforms) = postSolution
		{E5A379D3-EACE-4ACD-A919-5F581F0A0902}.Debug|Any CPU.ActiveCfg = Debug|Any CPU
		{E5A379D3-EACE-4ACD-A919-5F581F0A0902}.Debug|Any CPU.Build.0 = Debug|Any CPU
		{E5A379D3-EACE-4ACD-A919-5F581F0A0902}.Debug|x64.ActiveCfg = Debug|Any CPU
		{E5A379D3-EACE-4ACD-A919-5F581F0A0902}.Debug|x64.Build.0 = Debug|Any CPU
		{E5A379D3-EACE-4ACD-A919-5F581F0A0902}.Debug|x86.ActiveCfg = Debug|Any CPU
		{E5A379D3-EACE-4ACD-A919-5F581F0A0902}.Debug|x86.Build.0 = Debug|Any CPU
		{E5A379D3-EACE-4ACD-A919-5F581F0A0902}.Release|Any CPU.ActiveCfg = Release|Any CPU
		{E5A379D3-EACE-4ACD-A919-5F581F0A0902}.Release|Any CPU.Build.0 = Release|Any CPU
		{E5A379D3-EACE-4ACD-A919-5F581F0A0902}.Release|x64.ActiveCfg = Release|Any CPU
		{E5A379D3-EACE-4ACD-A919-5F581F0A0902}.Release|x64.Build.0 = Release|Any CPU
		{E5A379D3-EACE-4ACD-A919-5F581F0A0902}.Release|x86.ActiveCfg = Release|Any CPU
		{E5A379D3-EACE-4ACD-A919-5F581F0A0902}.Release|x86.Build.0 = Release|Any CPU
		{0F1262FF-ABAD-46EF-90BE-662CD972AAFB}.Debug|Any CPU.ActiveCfg = Debug|Any CPU
		{0F1262FF-ABAD-46EF-90BE-662CD972AAFB}.Debug|Any CPU.Build.0 = Debug|Any CPU
		{0F1262FF-ABAD-46EF-90BE-662CD972AAFB}.Debug|x64.ActiveCfg = Debug|Any CPU
		{0F1262FF-ABAD-46EF-90BE-662CD972AAFB}.Debug|x64.Build.0 = Debug|Any CPU
		{0F1262FF-ABAD-46EF-90BE-662CD972AAFB}.Debug|x86.ActiveCfg = Debug|Any CPU
		{0F1262FF-ABAD-46EF-90BE-662CD972AAFB}.Debug|x86.Build.0 = Debug|Any CPU
		{0F1262FF-ABAD-46EF-90BE-662CD972AAFB}.Release|Any CPU.ActiveCfg = Release|Any CPU
		{0F1262FF-ABAD-46EF-90BE-662CD972AAFB}.Release|Any CPU.Build.0 = Release|Any CPU
		{0F1262FF-ABAD-46EF-90BE-662CD972AAFB}.Release|x64.ActiveCfg = Release|Any CPU
		{0F1262FF-ABAD-46EF-90BE-662CD972AAFB}.Release|x64.Build.0 = Release|Any CPU
		{0F1262FF-ABAD-46EF-90BE-662CD972AAFB}.Release|x86.ActiveCfg = Release|Any CPU
		{0F1262FF-ABAD-46EF-90BE-662CD972AAFB}.Release|x86.Build.0 = Release|Any CPU
		{D523836E-9BD1-4663-9A49-9F86EB480F2E}.Debug|Any CPU.ActiveCfg = Debug|x86
		{D523836E-9BD1-4663-9A49-9F86EB480F2E}.Debug|x64.ActiveCfg = Debug|x64
		{D523836E-9BD1-4663-9A49-9F86EB480F2E}.Debug|x64.Build.0 = Debug|x64
		{D523836E-9BD1-4663-9A49-9F86EB480F2E}.Debug|x86.ActiveCfg = Debug|x86
		{D523836E-9BD1-4663-9A49-9F86EB480F2E}.Debug|x86.Build.0 = Debug|x86
		{D523836E-9BD1-4663-9A49-9F86EB480F2E}.Release|Any CPU.ActiveCfg = Release|x86
		{D523836E-9BD1-4663-9A49-9F86EB480F2E}.Release|x64.ActiveCfg = Release|x64
		{D523836E-9BD1-4663-9A49-9F86EB480F2E}.Release|x64.Build.0 = Release|x64
		{D523836E-9BD1-4663-9A49-9F86EB480F2E}.Release|x86.ActiveCfg = Release|x86
		{D523836E-9BD1-4663-9A49-9F86EB480F2E}.Release|x86.Build.0 = Release|x86
	EndGlobalSection
	GlobalSection(SolutionProperties) = preSolution
		HideSolutionNode = FALSE
	EndGlobalSection
	GlobalSection(ExtensibilityGlobals) = postSolution
		SolutionGuid = {E8D8D259-AB7B-43D4-99BA-5BD731D79C1B}
	EndGlobalSection
EndGlobal
