
Microsoft Visual Studio Solution File, Format Version 12.00
# Visual Studio Version 16
VisualStudioVersion = 16.0.29613.14
MinimumVisualStudioVersion = 10.0.40219.1
Project("{9A19103F-16F7-4668-BE54-9A1E7A4F7556}") = "Ds3FbxSharp", "Ds3FbxSharp\Ds3FbxSharp.csproj", "{E5A379D3-EACE-4ACD-A919-5F581F0A0902}"
EndProject
Project("{9A19103F-16F7-4668-BE54-9A1E7A4F7556}") = "SoulsFormats", "SoulsFormats\SoulsFormats\SoulsFormats.csproj", "{D7727C3C-C732-4CB7-B5EB-A0D121EC355D}"
EndProject
Project("{9A19103F-16F7-4668-BE54-9A1E7A4F7556}") = "SFAnimExtensions", "SFAnimExtensions\SFAnimExtensions\SFAnimExtensions.csproj", "{0F657CD1-E0C6-4E76-981D-2F0DBAE51C55}"
EndProject
Global
	GlobalSection(SolutionConfigurationPlatforms) = preSolution
		Debug|Any CPU = Debug|Any CPU
		Debug|x64 = Debug|x64
		Debug|x86 = Debug|x86
		Release|Any CPU = Release|Any CPU
		Release|x64 = Release|x64
		Release|x86 = Release|x86
	EndGlobalSection
	GlobalSection(ProjectConfigurationPlatforms) = postSolution
		{E5A379D3-EACE-4ACD-A919-5F581F0A0902}.Debug|Any CPU.ActiveCfg = Debug|Any CPU
		{E5A379D3-EACE-4ACD-A919-5F581F0A0902}.Debug|Any CPU.Build.0 = Debug|Any CPU
		{E5A379D3-EACE-4ACD-A919-5F581F0A0902}.Debug|x64.ActiveCfg = Debug|Any CPU
		{E5A379D3-EACE-4ACD-A919-5F581F0A0902}.Debug|x64.Build.0 = Debug|Any CPU
		{E5A379D3-EACE-4ACD-A919-5F581F0A0902}.Debug|x86.ActiveCfg = Debug|Any CPU
		{E5A379D3-EACE-4ACD-A919-5F581F0A0902}.Debug|x86.Build.0 = Debug|Any CPU
		{E5A379D3-EACE-4ACD-A919-5F581F0A0902}.Release|Any CPU.ActiveCfg = Release|Any CPU
		{E5A379D3-EACE-4ACD-A919-5F581F0A0902}.Release|Any CPU.Build.0 = Release|Any CPU
		{E5A379D3-EACE-4ACD-A919-5F581F0A0902}.Release|x64.ActiveCfg = Release|Any CPU
		{E5A379D3-EACE-4ACD-A919-5F581F0A0902}.Release|x64.Build.0 = Release|Any CPU
		{E5A379D3-EACE-4ACD-A919-5F581F0A0902}.Release|x86.ActiveCfg = Release|Any CPU
		{E5A379D3-EACE-4ACD-A919-5F581F0A0902}.Release|x86.Build.0 = Release|Any CPU
		{D7727C3C-C732-4CB7-B5EB-A0D121EC355D}.Debug|Any CPU.ActiveCfg = Debug|Any CPU
		{D7727C3C-C732-4CB7-B5EB-A0D121EC355D}.Debug|Any CPU.Build.0 = Debug|Any CPU
		{D7727C3C-C732-4CB7-B5EB-A0D121EC355D}.Debug|x64.ActiveCfg = Debug|Any CPU
		{D7727C3C-C732-4CB7-B5EB-A0D121EC355D}.Debug|x64.Build.0 = Debug|Any CPU
		{D7727C3C-C732-4CB7-B5EB-A0D121EC355D}.Debug|x86.ActiveCfg = Debug|Any CPU
		{D7727C3C-C732-4CB7-B5EB-A0D121EC355D}.Debug|x86.Build.0 = Debug|Any CPU
		{D7727C3C-C732-4CB7-B5EB-A0D121EC355D}.Release|Any CPU.ActiveCfg = Release|Any CPU
		{D7727C3C-C732-4CB7-B5EB-A0D121EC355D}.Release|Any CPU.Build.0 = Release|Any CPU
		{D7727C3C-C732-4CB7-B5EB-A0D121EC355D}.Release|x64.ActiveCfg = Release|Any CPU
		{D7727C3C-C732-4CB7-B5EB-A0D121EC355D}.Release|x64.Build.0 = Release|Any CPU
		{D7727C3C-C732-4CB7-B5EB-A0D121EC355D}.Release|x86.ActiveCfg = Release|Any CPU
		{D7727C3C-C732-4CB7-B5EB-A0D121EC355D}.Release|x86.Build.0 = Release|Any CPU
		{0F657CD1-E0C6-4E76-981D-2F0DBAE51C55}.Debug|Any CPU.ActiveCfg = Debug|Any CPU
		{0F657CD1-E0C6-4E76-981D-2F0DBAE51C55}.Debug|Any CPU.Build.0 = Debug|Any CPU
		{0F657CD1-E0C6-4E76-981D-2F0DBAE51C55}.Debug|x64.ActiveCfg = Debug|Any CPU
		{0F657CD1-E0C6-4E76-981D-2F0DBAE51C55}.Debug|x64.Build.0 = Debug|Any CPU
		{0F657CD1-E0C6-4E76-981D-2F0DBAE51C55}.Debug|x86.ActiveCfg = Debug|Any CPU
		{0F657CD1-E0C6-4E76-981D-2F0DBAE51C55}.Debug|x86.Build.0 = Debug|Any CPU
		{0F657CD1-E0C6-4E76-981D-2F0DBAE51C55}.Release|Any CPU.ActiveCfg = Release|Any CPU
		{0F657CD1-E0C6-4E76-981D-2F0DBAE51C55}.Release|Any CPU.Build.0 = Release|Any CPU
		{0F657CD1-E0C6-4E76-981D-2F0DBAE51C55}.Release|x64.ActiveCfg = Release|Any CPU
		{0F657CD1-E0C6-4E76-981D-2F0DBAE51C55}.Release|x64.Build.0 = Release|Any CPU
		{0F657CD1-E0C6-4E76-981D-2F0DBAE51C55}.Release|x86.ActiveCfg = Release|Any CPU
		{0F657CD1-E0C6-4E76-981D-2F0DBAE51C55}.Release|x86.Build.0 = Release|Any CPU
	EndGlobalSection
	GlobalSection(SolutionProperties) = preSolution
		HideSolutionNode = FALSE
	EndGlobalSection
	GlobalSection(ExtensibilityGlobals) = postSolution
		SolutionGuid = {E8D8D259-AB7B-43D4-99BA-5BD731D79C1B}
	EndGlobalSection
EndGlobal
